
Microsoft Visual Studio Solution File, Format Version 12.00
# Visual Studio 15
VisualStudioVersion = 15.0.28307.2092
MinimumVisualStudioVersion = 10.0.40219.1
Project("{FAE04EC0-301F-11D3-BF4B-00C04F79EFBC}") = "Model", "Model\Model.csproj", "{E93BE284-F9D3-4939-B41E-6DB2F9CB6E29}"
EndProject
Project("{FAE04EC0-301F-11D3-BF4B-00C04F79EFBC}") = "IDAL", "IDAL\IDAL.csproj", "{257BCEB2-F07C-4510-8DE4-AFC583A3168E}"
EndProject
Project("{FAE04EC0-301F-11D3-BF4B-00C04F79EFBC}") = "DAL", "DAL\DAL.csproj", "{C448707E-0D6E-436D-B85C-10D99AB8992B}"
EndProject
Project("{FAE04EC0-301F-11D3-BF4B-00C04F79EFBC}") = "Factory", "Factory\Factory.csproj", "{BA686648-8A52-4DE5-8765-74A8756D5F08}"
EndProject
Project("{FAE04EC0-301F-11D3-BF4B-00C04F79EFBC}") = "BLL", "BLL\BLL.csproj", "{C0E67ED7-5FE2-4555-85AB-985554C862B5}"
EndProject
Project("{FAE04EC0-301F-11D3-BF4B-00C04F79EFBC}") = "API", "API\API.csproj", "{CA494F37-6903-4CF6-A65E-31ECEB24F426}"
EndProject
Project("{FAE04EC0-301F-11D3-BF4B-00C04F79EFBC}") = "UI", "UI\UI.csproj", "{A3FF2517-0D32-4CBE-99A6-658C7D0CBE23}"
EndProject
Global
	GlobalSection(SolutionConfigurationPlatforms) = preSolution
		Debug|Any CPU = Debug|Any CPU
		Release|Any CPU = Release|Any CPU
	EndGlobalSection
	GlobalSection(ProjectConfigurationPlatforms) = postSolution
		{E93BE284-F9D3-4939-B41E-6DB2F9CB6E29}.Debug|Any CPU.ActiveCfg = Debug|Any CPU
		{E93BE284-F9D3-4939-B41E-6DB2F9CB6E29}.Debug|Any CPU.Build.0 = Debug|Any CPU
		{E93BE284-F9D3-4939-B41E-6DB2F9CB6E29}.Release|Any CPU.ActiveCfg = Release|Any CPU
		{E93BE284-F9D3-4939-B41E-6DB2F9CB6E29}.Release|Any CPU.Build.0 = Release|Any CPU
		{257BCEB2-F07C-4510-8DE4-AFC583A3168E}.Debug|Any CPU.ActiveCfg = Debug|Any CPU
		{257BCEB2-F07C-4510-8DE4-AFC583A3168E}.Debug|Any CPU.Build.0 = Debug|Any CPU
		{257BCEB2-F07C-4510-8DE4-AFC583A3168E}.Release|Any CPU.ActiveCfg = Release|Any CPU
		{257BCEB2-F07C-4510-8DE4-AFC583A3168E}.Release|Any CPU.Build.0 = Release|Any CPU
		{C448707E-0D6E-436D-B85C-10D99AB8992B}.Debug|Any CPU.ActiveCfg = Debug|Any CPU
		{C448707E-0D6E-436D-B85C-10D99AB8992B}.Debug|Any CPU.Build.0 = Debug|Any CPU
		{C448707E-0D6E-436D-B85C-10D99AB8992B}.Release|Any CPU.ActiveCfg = Release|Any CPU
		{C448707E-0D6E-436D-B85C-10D99AB8992B}.Release|Any CPU.Build.0 = Release|Any CPU
		{BA686648-8A52-4DE5-8765-74A8756D5F08}.Debug|Any CPU.ActiveCfg = Debug|Any CPU
		{BA686648-8A52-4DE5-8765-74A8756D5F08}.Debug|Any CPU.Build.0 = Debug|Any CPU
		{BA686648-8A52-4DE5-8765-74A8756D5F08}.Release|Any CPU.ActiveCfg = Release|Any CPU
		{BA686648-8A52-4DE5-8765-74A8756D5F08}.Release|Any CPU.Build.0 = Release|Any CPU
		{C0E67ED7-5FE2-4555-85AB-985554C862B5}.Debug|Any CPU.ActiveCfg = Debug|Any CPU
		{C0E67ED7-5FE2-4555-85AB-985554C862B5}.Debug|Any CPU.Build.0 = Debug|Any CPU
		{C0E67ED7-5FE2-4555-85AB-985554C862B5}.Release|Any CPU.ActiveCfg = Release|Any CPU
		{C0E67ED7-5FE2-4555-85AB-985554C862B5}.Release|Any CPU.Build.0 = Release|Any CPU
		{CA494F37-6903-4CF6-A65E-31ECEB24F426}.Debug|Any CPU.ActiveCfg = Debug|Any CPU
		{CA494F37-6903-4CF6-A65E-31ECEB24F426}.Debug|Any CPU.Build.0 = Debug|Any CPU
		{CA494F37-6903-4CF6-A65E-31ECEB24F426}.Release|Any CPU.ActiveCfg = Release|Any CPU
		{CA494F37-6903-4CF6-A65E-31ECEB24F426}.Release|Any CPU.Build.0 = Release|Any CPU
		{A3FF2517-0D32-4CBE-99A6-658C7D0CBE23}.Debug|Any CPU.ActiveCfg = Debug|Any CPU
		{A3FF2517-0D32-4CBE-99A6-658C7D0CBE23}.Debug|Any CPU.Build.0 = Debug|Any CPU
		{A3FF2517-0D32-4CBE-99A6-658C7D0CBE23}.Release|Any CPU.ActiveCfg = Release|Any CPU
		{A3FF2517-0D32-4CBE-99A6-658C7D0CBE23}.Release|Any CPU.Build.0 = Release|Any CPU
	EndGlobalSection
	GlobalSection(SolutionProperties) = preSolution
		HideSolutionNode = FALSE
	EndGlobalSection
	GlobalSection(ExtensibilityGlobals) = postSolution
		SolutionGuid = {E4572D43-F93B-4D9A-9942-EDD61FAC2B0F}
	EndGlobalSection
EndGlobal
